
Microsoft Visual Studio Solution File, Format Version 12.00
# Visual Studio Version 17
VisualStudioVersion = 17.5.33502.453
MinimumVisualStudioVersion = 10.0.40219.1
Project("{FAE04EC0-301F-11D3-BF4B-00C04F79EFBC}") = "IdentityOrnekBTK", "IdentityOrnekBTK\IdentityOrnekBTK.csproj", "{FD4E5C4D-51CF-4C84-9E2A-CDB41C31991C}"
EndProject
Global
	GlobalSection(SolutionConfigurationPlatforms) = preSolution
		Debug|Any CPU = Debug|Any CPU
		Release|Any CPU = Release|Any CPU
	EndGlobalSection
	GlobalSection(ProjectConfigurationPlatforms) = postSolution
		{FD4E5C4D-51CF-4C84-9E2A-CDB41C31991C}.Debug|Any CPU.ActiveCfg = Debug|Any CPU
		{FD4E5C4D-51CF-4C84-9E2A-CDB41C31991C}.Debug|Any CPU.Build.0 = Debug|Any CPU
		{FD4E5C4D-51CF-4C84-9E2A-CDB41C31991C}.Release|Any CPU.ActiveCfg = Release|Any CPU
		{FD4E5C4D-51CF-4C84-9E2A-CDB41C31991C}.Release|Any CPU.Build.0 = Release|Any CPU
	EndGlobalSection
	GlobalSection(SolutionProperties) = preSolution
		HideSolutionNode = FALSE
	EndGlobalSection
	GlobalSection(ExtensibilityGlobals) = postSolution
		SolutionGuid = {FEDBB38E-94B7-4422-9E59-D7F52F3812EC}
	EndGlobalSection
EndGlobal
