
Microsoft Visual Studio Solution File, Format Version 12.00
# Visual Studio Version 17
VisualStudioVersion = 17.6.33829.357
MinimumVisualStudioVersion = 10.0.40219.1
Project("{FAE04EC0-301F-11D3-BF4B-00C04F79EFBC}") = "DapperOrnekBTK.Domain", "DapperOrnekBTKDomain\DapperOrnekBTK.Domain.csproj", "{45BD4A03-454E-463C-BE22-273B7D483987}"
EndProject
Project("{FAE04EC0-301F-11D3-BF4B-00C04F79EFBC}") = "DapperOrnekBTK.Application", "DapperOrnekBTK.Application\DapperOrnekBTK.Application.csproj", "{3414EBFD-0E10-4A7A-BC2F-E42C8D23ECE5}"
EndProject
Project("{FAE04EC0-301F-11D3-BF4B-00C04F79EFBC}") = "DapperOrnekBTK.Infrastructure", "DapperOrnekBTK.Infrastructure\DapperOrnekBTK.Infrastructure.csproj", "{67033B2C-61BC-401F-9E13-FEE396E7D14A}"
EndProject
Global
	GlobalSection(SolutionConfigurationPlatforms) = preSolution
		Debug|Any CPU = Debug|Any CPU
		Release|Any CPU = Release|Any CPU
	EndGlobalSection
	GlobalSection(ProjectConfigurationPlatforms) = postSolution
		{45BD4A03-454E-463C-BE22-273B7D483987}.Debug|Any CPU.ActiveCfg = Debug|Any CPU
		{45BD4A03-454E-463C-BE22-273B7D483987}.Debug|Any CPU.Build.0 = Debug|Any CPU
		{45BD4A03-454E-463C-BE22-273B7D483987}.Release|Any CPU.ActiveCfg = Release|Any CPU
		{45BD4A03-454E-463C-BE22-273B7D483987}.Release|Any CPU.Build.0 = Release|Any CPU
		{3414EBFD-0E10-4A7A-BC2F-E42C8D23ECE5}.Debug|Any CPU.ActiveCfg = Debug|Any CPU
		{3414EBFD-0E10-4A7A-BC2F-E42C8D23ECE5}.Debug|Any CPU.Build.0 = Debug|Any CPU
		{3414EBFD-0E10-4A7A-BC2F-E42C8D23ECE5}.Release|Any CPU.ActiveCfg = Release|Any CPU
		{3414EBFD-0E10-4A7A-BC2F-E42C8D23ECE5}.Release|Any CPU.Build.0 = Release|Any CPU
		{67033B2C-61BC-401F-9E13-FEE396E7D14A}.Debug|Any CPU.ActiveCfg = Debug|Any CPU
		{67033B2C-61BC-401F-9E13-FEE396E7D14A}.Debug|Any CPU.Build.0 = Debug|Any CPU
		{67033B2C-61BC-401F-9E13-FEE396E7D14A}.Release|Any CPU.ActiveCfg = Release|Any CPU
		{67033B2C-61BC-401F-9E13-FEE396E7D14A}.Release|Any CPU.Build.0 = Release|Any CPU
	EndGlobalSection
	GlobalSection(SolutionProperties) = preSolution
		HideSolutionNode = FALSE
	EndGlobalSection
	GlobalSection(ExtensibilityGlobals) = postSolution
		SolutionGuid = {374C4F64-22A9-45AA-8468-F3008EF9DB6E}
	EndGlobalSection
EndGlobal
