
Microsoft Visual Studio Solution File, Format Version 12.00
# Visual Studio Version 17
VisualStudioVersion = 17.5.33502.453
MinimumVisualStudioVersion = 10.0.40219.1
Project("{FAE04EC0-301F-11D3-BF4B-00C04F79EFBC}") = "AjaxOrnek", "AjaxOrnek\AjaxOrnek.csproj", "{AAFC674C-99EB-473E-B513-7835E70AF809}"
EndProject
Global
	GlobalSection(SolutionConfigurationPlatforms) = preSolution
		Debug|Any CPU = Debug|Any CPU
		Release|Any CPU = Release|Any CPU
	EndGlobalSection
	GlobalSection(ProjectConfigurationPlatforms) = postSolution
		{AAFC674C-99EB-473E-B513-7835E70AF809}.Debug|Any CPU.ActiveCfg = Debug|Any CPU
		{AAFC674C-99EB-473E-B513-7835E70AF809}.Debug|Any CPU.Build.0 = Debug|Any CPU
		{AAFC674C-99EB-473E-B513-7835E70AF809}.Release|Any CPU.ActiveCfg = Release|Any CPU
		{AAFC674C-99EB-473E-B513-7835E70AF809}.Release|Any CPU.Build.0 = Release|Any CPU
	EndGlobalSection
	GlobalSection(SolutionProperties) = preSolution
		HideSolutionNode = FALSE
	EndGlobalSection
	GlobalSection(ExtensibilityGlobals) = postSolution
		SolutionGuid = {4A99C9D0-204F-4771-9248-67AFFED05EAA}
	EndGlobalSection
EndGlobal
